// !$*UTF8*$!
{
	archiveVersion = 1;
	classes = {
	};
	objectVersion = 77;
	objects = {

/* Begin PBXContainerItemProxy section */
		F24C00D62DEEC74C0058911E /* PBXContainerItemProxy */ = {
			isa = PBXContainerItemProxy;
			containerPortal = F24C00BE2DEEC74A0058911E /* Project object */;
			proxyType = 1;
			remoteGlobalIDString = F24C00C52DEEC74A0058911E;
			remoteInfo = sancho;
		};
		F24C00E02DEEC74C0058911E /* PBXContainerItemProxy */ = {
			isa = PBXContainerItemProxy;
			containerPortal = F24C00BE2DEEC74A0058911E /* Project object */;
			proxyType = 1;
			remoteGlobalIDString = F24C00C52DEEC74A0058911E;
			remoteInfo = sancho;
		};
/* End PBXContainerItemProxy section */

/* Begin PBXFileReference section */
		F24C00C62DEEC74A0058911E /* AmigoSancho.app */ = {isa = PBXFileReference; explicitFileType = wrapper.application; includeInIndex = 0; path = AmigoSancho.app; sourceTree = BUILT_PRODUCTS_DIR; };
		F24C00D52DEEC74C0058911E /* AmigoSanchoTests.xctest */ = {isa = PBXFileReference; explicitFileType = wrapper.cfbundle; includeInIndex = 0; path = AmigoSanchoTests.xctest; sourceTree = BUILT_PRODUCTS_DIR; };
		F24C00DF2DEEC74C0058911E /* AmigoSanchoUITests.xctest */ = {isa = PBXFileReference; explicitFileType = wrapper.cfbundle; includeInIndex = 0; path = AmigoSanchoUITests.xctest; sourceTree = BUILT_PRODUCTS_DIR; };
/* End PBXFileReference section */

/* Begin PBXFileSystemSynchronizedRootGroup section */
		F24C00C82DEEC74A0058911E /* sancho */ = {
			isa = PBXFileSystemSynchronizedRootGroup;
			path = sancho;
			sourceTree = "<group>";
		};
		F24C00D82DEEC74C0058911E /* sanchoTests */ = {
			isa = PBXFileSystemSynchronizedRootGroup;
			path = sanchoTests;
			sourceTree = "<group>";
		};
		F24C00E22DEEC74C0058911E /* sanchoUITests */ = {
			isa = PBXFileSystemSynchronizedRootGroup;
			path = sanchoUITests;
			sourceTree = "<group>";
		};
/* End PBXFileSystemSynchronizedRootGroup section */

/* Begin PBXFrameworksBuildPhase section */
		F24C00C32DEEC74A0058911E /* Frameworks */ = {
			isa = PBXFrameworksBuildPhase;
			buildActionMask = 2147483647;
			files = (
			);
			runOnlyForDeploymentPostprocessing = 0;
		};
		F24C00D22DEEC74C0058911E /* Frameworks */ = {
			isa = PBXFrameworksBuildPhase;
			buildActionMask = 2147483647;
			files = (
			);
			runOnlyForDeploymentPostprocessing = 0;
		};
		F24C00DC2DEEC74C0058911E /* Frameworks */ = {
			isa = PBXFrameworksBuildPhase;
			buildActionMask = 2147483647;
			files = (
			);
			runOnlyForDeploymentPostprocessing = 0;
		};
/* End PBXFrameworksBuildPhase section */

/* Begin PBXGroup section */
		F24C00BD2DEEC74A0058911E = {
			isa = PBXGroup;
			children = (
				F24C00C82DEEC74A0058911E /* sancho */,
				F24C00D82DEEC74C0058911E /* sanchoTests */,
				F24C00E22DEEC74C0058911E /* sanchoUITests */,
				F24C00C72DEEC74A0058911E /* Products */,
			);
			sourceTree = "<group>";
		};
		F24C00C72DEEC74A0058911E /* Products */ = {
			isa = PBXGroup;
			children = (
				F24C00C62DEEC74A0058911E /* AmigoSancho.app */,
				F24C00D52DEEC74C0058911E /* AmigoSanchoTests.xctest */,
				F24C00DF2DEEC74C0058911E /* AmigoSanchoUITests.xctest */,
			);
			name = Products;
			sourceTree = "<group>";
		};
/* End PBXGroup section */

/* Begin PBXNativeTarget section */
		F24C00C52DEEC74A0058911E /* AmigoSancho */ = {
			isa = PBXNativeTarget;
			buildConfigurationList = F24C00E92DEEC74C0058911E /* Build configuration list for PBXNativeTarget "AmigoSancho" */;
			buildPhases = (
				F24C00C22DEEC74A0058911E /* Sources */,
				F24C00C32DEEC74A0058911E /* Frameworks */,
				F24C00C42DEEC74A0058911E /* Resources */,
			);
			buildRules = (
			);
			dependencies = (
			);
			fileSystemSynchronizedGroups = (
				F24C00C82DEEC74A0058911E /* sancho */,
			);
			name = AmigoSancho;
			packageProductDependencies = (
			);
			productName = sancho;
			productReference = F24C00C62DEEC74A0058911E /* AmigoSancho.app */;
			productType = "com.apple.product-type.application";
		};
		F24C00D42DEEC74C0058911E /* AmigoSanchoTests */ = {
			isa = PBXNativeTarget;
			buildConfigurationList = F24C00EC2DEEC74C0058911E /* Build configuration list for PBXNativeTarget "AmigoSanchoTests" */;
			buildPhases = (
				F24C00D12DEEC74C0058911E /* Sources */,
				F24C00D22DEEC74C0058911E /* Frameworks */,
				F24C00D32DEEC74C0058911E /* Resources */,
			);
			buildRules = (
			);
			dependencies = (
				F24C00D72DEEC74C0058911E /* PBXTargetDependency */,
			);
			fileSystemSynchronizedGroups = (
				F24C00D82DEEC74C0058911E /* sanchoTests */,
			);
			name = AmigoSanchoTests;
			packageProductDependencies = (
			);
			productName = sanchoTests;
			productReference = F24C00D52DEEC74C0058911E /* AmigoSanchoTests.xctest */;
			productType = "com.apple.product-type.bundle.unit-test";
		};
		F24C00DE2DEEC74C0058911E /* AmigoSanchoUITests */ = {
			isa = PBXNativeTarget;
			buildConfigurationList = F24C00EF2DEEC74C0058911E /* Build configuration list for PBXNativeTarget "AmigoSanchoUITests" */;
			buildPhases = (
				F24C00DB2DEEC74C0058911E /* Sources */,
				F24C00DC2DEEC74C0058911E /* Frameworks */,
				F24C00DD2DEEC74C0058911E /* Resources */,
			);
			buildRules = (
			);
			dependencies = (
				F24C00E12DEEC74C0058911E /* PBXTargetDependency */,
			);
			fileSystemSynchronizedGroups = (
				F24C00E22DEEC74C0058911E /* sanchoUITests */,
			);
			name = AmigoSanchoUITests;
			packageProductDependencies = (
			);
			productName = sanchoUITests;
			productReference = F24C00DF2DEEC74C0058911E /* AmigoSanchoUITests.xctest */;
			productType = "com.apple.product-type.bundle.ui-testing";
		};
/* End PBXNativeTarget section */

/* Begin PBXProject section */
		F24C00BE2DEEC74A0058911E /* Project object */ = {
			isa = PBXProject;
			attributes = {
				BuildIndependentTargetsInParallel = 1;
				LastSwiftUpdateCheck = 1640;
				LastUpgradeCheck = 1640;
				TargetAttributes = {
					F24C00C52DEEC74A0058911E = {
						CreatedOnToolsVersion = 16.4;
					};
					F24C00D42DEEC74C0058911E = {
						CreatedOnToolsVersion = 16.4;
						TestTargetID = F24C00C52DEEC74A0058911E;
					};
					F24C00DE2DEEC74C0058911E = {
						CreatedOnToolsVersion = 16.4;
						TestTargetID = F24C00C52DEEC74A0058911E;
					};
				};
			};
			buildConfigurationList = F24C00C12DEEC74A0058911E /* Build configuration list for PBXProject "sancho" */;
			developmentRegion = en;
			hasScannedForEncodings = 0;
			knownRegions = (
				en,
				Base,
			);
			mainGroup = F24C00BD2DEEC74A0058911E;
			minimizedProjectReferenceProxies = 1;
			preferredProjectObjectVersion = 77;
			productRefGroup = F24C00C72DEEC74A0058911E /* Products */;
			projectDirPath = "";
			projectRoot = "";
			targets = (
				F24C00C52DEEC74A0058911E /* AmigoSancho */,
				F24C00D42DEEC74C0058911E /* AmigoSanchoTests */,
				F24C00DE2DEEC74C0058911E /* AmigoSanchoUITests */,
			);
		};
/* End PBXProject section */

/* Begin PBXResourcesBuildPhase section */
		F24C00C42DEEC74A0058911E /* Resources */ = {
			isa = PBXResourcesBuildPhase;
			buildActionMask = 2147483647;
			files = (
			);
			runOnlyForDeploymentPostprocessing = 0;
		};
		F24C00D32DEEC74C0058911E /* Resources */ = {
			isa = PBXResourcesBuildPhase;
			buildActionMask = 2147483647;
			files = (
			);
			runOnlyForDeploymentPostprocessing = 0;
		};
		F24C00DD2DEEC74C0058911E /* Resources */ = {
			isa = PBXResourcesBuildPhase;
			buildActionMask = 2147483647;
			files = (
			);
			runOnlyForDeploymentPostprocessing = 0;
		};
/* End PBXResourcesBuildPhase section */

/* Begin PBXSourcesBuildPhase section */
		F24C00C22DEEC74A0058911E /* Sources */ = {
			isa = PBXSourcesBuildPhase;
			buildActionMask = 2147483647;
			files = (
			);
			runOnlyForDeploymentPostprocessing = 0;
		};
		F24C00D12DEEC74C0058911E /* Sources */ = {
			isa = PBXSourcesBuildPhase;
			buildActionMask = 2147483647;
			files = (
			);
			runOnlyForDeploymentPostprocessing = 0;
		};
		F24C00DB2DEEC74C0058911E /* Sources */ = {
			isa = PBXSourcesBuildPhase;
			buildActionMask = 2147483647;
			files = (
			);
			runOnlyForDeploymentPostprocessing = 0;
		};
/* End PBXSourcesBuildPhase section */

/* Begin PBXTargetDependency section */
		F24C00D72DEEC74C0058911E /* PBXTargetDependency */ = {
			isa = PBXTargetDependency;
			target = F24C00C52DEEC74A0058911E /* AmigoSancho */;
			targetProxy = F24C00D62DEEC74C0058911E /* PBXContainerItemProxy */;
		};
		F24C00E12DEEC74C0058911E /* PBXTargetDependency */ = {
			isa = PBXTargetDependency;
			target = F24C00C52DEEC74A0058911E /* AmigoSancho */;
			targetProxy = F24C00E02DEEC74C0058911E /* PBXContainerItemProxy */;
		};
/* End PBXTargetDependency section */

/* Begin XCBuildConfiguration section */
		F24C00E72DEEC74C0058911E /* Debug */ = {
			isa = XCBuildConfiguration;
			buildSettings = {
				ALWAYS_SEARCH_USER_PATHS = NO;
				ASSETCATALOG_COMPILER_GENERATE_SWIFT_ASSET_SYMBOL_EXTENSIONS = YES;
				CLANG_ANALYZER_NONNULL = YES;
				CLANG_ANALYZER_NUMBER_OBJECT_CONVERSION = YES_AGGRESSIVE;
				CLANG_CXX_LANGUAGE_STANDARD = "gnu++20";
				CLANG_ENABLE_MODULES = YES;
				CLANG_ENABLE_OBJC_ARC = YES;
				CLANG_ENABLE_OBJC_WEAK = YES;
				CLANG_WARN_BLOCK_CAPTURE_AUTORELEASING = YES;
				CLANG_WARN_BOOL_CONVERSION = YES;
				CLANG_WARN_COMMA = YES;
				CLANG_WARN_CONSTANT_CONVERSION = YES;
				CLANG_WARN_DEPRECATED_OBJC_IMPLEMENTATIONS = YES;
				CLANG_WARN_DIRECT_OBJC_ISA_USAGE = YES_ERROR;
				CLANG_WARN_DOCUMENTATION_COMMENTS = YES;
				CLANG_WARN_EMPTY_BODY = YES;
				CLANG_WARN_ENUM_CONVERSION = YES;
				CLANG_WARN_INFINITE_RECURSION = YES;
				CLANG_WARN_INT_CONVERSION = YES;
				CLANG_WARN_NON_LITERAL_NULL_CONVERSION = YES;
				CLANG_WARN_OBJC_IMPLICIT_RETAIN_SELF = YES;
				CLANG_WARN_OBJC_LITERAL_CONVERSION = YES;
				CLANG_WARN_OBJC_ROOT_CLASS = YES_ERROR;
				CLANG_WARN_QUOTED_INCLUDE_IN_FRAMEWORK_HEADER = YES;
				CLANG_WARN_RANGE_LOOP_ANALYSIS = YES;
				CLANG_WARN_STRICT_PROTOTYPES = YES;
				CLANG_WARN_SUSPICIOUS_MOVE = YES;
				CLANG_WARN_UNGUARDED_AVAILABILITY = YES_AGGRESSIVE;
				CLANG_WARN_UNREACHABLE_CODE = YES;
				CLANG_WARN__DUPLICATE_METHOD_MATCH = YES;
				COPY_PHASE_STRIP = NO;
				DEBUG_INFORMATION_FORMAT = dwarf;
				DEVELOPMENT_TEAM = 5WM4449PNL;
				ENABLE_STRICT_OBJC_MSGSEND = YES;
				ENABLE_TESTABILITY = YES;
				ENABLE_USER_SCRIPT_SANDBOXING = YES;
				GCC_C_LANGUAGE_STANDARD = gnu17;
				GCC_DYNAMIC_NO_PIC = NO;
				GCC_NO_COMMON_BLOCKS = YES;
				GCC_OPTIMIZATION_LEVEL = 0;
				GCC_PREPROCESSOR_DEFINITIONS = (
					"DEBUG=1",
					"$(inherited)",
				);
				GCC_WARN_64_TO_32_BIT_CONVERSION = YES;
				GCC_WARN_ABOUT_RETURN_TYPE = YES_ERROR;
				GCC_WARN_UNDECLARED_SELECTOR = YES;
				GCC_WARN_UNINITIALIZED_AUTOS = YES_AGGRESSIVE;
				GCC_WARN_UNUSED_FUNCTION = YES;
				GCC_WARN_UNUSED_VARIABLE = YES;
				IPHONEOS_DEPLOYMENT_TARGET = 18.5;
				LOCALIZATION_PREFERS_STRING_CATALOGS = YES;
				MTL_ENABLE_DEBUG_INFO = INCLUDE_SOURCE;
				MTL_FAST_MATH = YES;
				ONLY_ACTIVE_ARCH = YES;
				SDKROOT = iphoneos;
				SWIFT_ACTIVE_COMPILATION_CONDITIONS = "DEBUG $(inherited)";
				SWIFT_OPTIMIZATION_LEVEL = "-Onone";
			};
			name = Debug;
		};
		F24C00E82DEEC74C0058911E /* Release */ = {
			isa = XCBuildConfiguration;
			buildSettings = {
				ALWAYS_SEARCH_USER_PATHS = NO;
				ASSETCATALOG_COMPILER_GENERATE_SWIFT_ASSET_SYMBOL_EXTENSIONS = YES;
				CLANG_ANALYZER_NONNULL = YES;
				CLANG_ANALYZER_NUMBER_OBJECT_CONVERSION = YES_AGGRESSIVE;
				CLANG_CXX_LANGUAGE_STANDARD = "gnu++20";
				CLANG_ENABLE_MODULES = YES;
				CLANG_ENABLE_OBJC_ARC = YES;
				CLANG_ENABLE_OBJC_WEAK = YES;
				CLANG_WARN_BLOCK_CAPTURE_AUTORELEASING = YES;
				CLANG_WARN_BOOL_CONVERSION = YES;
				CLANG_WARN_COMMA = YES;
				CLANG_WARN_CONSTANT_CONVERSION = YES;
				CLANG_WARN_DEPRECATED_OBJC_IMPLEMENTATIONS = YES;
				CLANG_WARN_DIRECT_OBJC_ISA_USAGE = YES_ERROR;
				CLANG_WARN_DOCUMENTATION_COMMENTS = YES;
				CLANG_WARN_EMPTY_BODY = YES;
				CLANG_WARN_ENUM_CONVERSION = YES;
				CLANG_WARN_INFINITE_RECURSION = YES;
				CLANG_WARN_INT_CONVERSION = YES;
				CLANG_WARN_NON_LITERAL_NULL_CONVERSION = YES;
				CLANG_WARN_OBJC_IMPLICIT_RETAIN_SELF = YES;
				CLANG_WARN_OBJC_LITERAL_CONVERSION = YES;
				CLANG_WARN_OBJC_ROOT_CLASS = YES_ERROR;
				CLANG_WARN_QUOTED_INCLUDE_IN_FRAMEWORK_HEADER = YES;
				CLANG_WARN_RANGE_LOOP_ANALYSIS = YES;
				CLANG_WARN_STRICT_PROTOTYPES = YES;
				CLANG_WARN_SUSPICIOUS_MOVE = YES;
				CLANG_WARN_UNGUARDED_AVAILABILITY = YES_AGGRESSIVE;
				CLANG_WARN_UNREACHABLE_CODE = YES;
				CLANG_WARN__DUPLICATE_METHOD_MATCH = YES;
				COPY_PHASE_STRIP = NO;
				DEBUG_INFORMATION_FORMAT = "dwarf-with-dsym";
				DEVELOPMENT_TEAM = 5WM4449PNL;
				ENABLE_NS_ASSERTIONS = NO;
				ENABLE_STRICT_OBJC_MSGSEND = YES;
				ENABLE_USER_SCRIPT_SANDBOXING = YES;
				GCC_C_LANGUAGE_STANDARD = gnu17;
				GCC_NO_COMMON_BLOCKS = YES;
				GCC_WARN_64_TO_32_BIT_CONVERSION = YES;
				GCC_WARN_ABOUT_RETURN_TYPE = YES_ERROR;
				GCC_WARN_UNDECLARED_SELECTOR = YES;
				GCC_WARN_UNINITIALIZED_AUTOS = YES_AGGRESSIVE;
				GCC_WARN_UNUSED_FUNCTION = YES;
				GCC_WARN_UNUSED_VARIABLE = YES;
				IPHONEOS_DEPLOYMENT_TARGET = 18.5;
				LOCALIZATION_PREFERS_STRING_CATALOGS = YES;
				MTL_ENABLE_DEBUG_INFO = NO;
				MTL_FAST_MATH = YES;
				SDKROOT = iphoneos;
				SWIFT_COMPILATION_MODE = wholemodule;
				VALIDATE_PRODUCT = YES;
			};
			name = Release;
		};
		F24C00EA2DEEC74C0058911E /* Debug */ = {
			isa = XCBuildConfiguration;
			buildSettings = {
				ASSETCATALOG_COMPILER_APPICON_NAME = AppIcon;
				ASSETCATALOG_COMPILER_GLOBAL_ACCENT_COLOR_NAME = AccentColor;
				CODE_SIGN_STYLE = Automatic;
				CURRENT_PROJECT_VERSION = 1;
				DEVELOPMENT_TEAM = 5WM4449PNL;
				ENABLE_PREVIEWS = YES;
				GENERATE_INFOPLIST_FILE = YES;
				INFOPLIST_KEY_NSMicrophoneUsageDescription = "Sancho needs access to your microphone to listen to your spoken Spanish practice.";
				INFOPLIST_KEY_NSSpeechRecognitionUsageDescription = "Sancho uses speech recognition to convert your spoken Spanish into text and help you improve your pronunciation and fluency.";
				INFOPLIST_KEY_UIApplicationSceneManifest_Generation = YES;
				INFOPLIST_KEY_UIApplicationSupportsIndirectInputEvents = YES;
				INFOPLIST_KEY_UILaunchScreen_Generation = YES;
				INFOPLIST_KEY_UISupportedInterfaceOrientations_iPad = "UIInterfaceOrientationPortrait UIInterfaceOrientationPortraitUpsideDown UIInterfaceOrientationLandscapeLeft UIInterfaceOrientationLandscapeRight";
				INFOPLIST_KEY_UISupportedInterfaceOrientations_iPhone = "UIInterfaceOrientationPortrait UIInterfaceOrientationLandscapeLeft UIInterfaceOrientationLandscapeRight";
				LD_RUNPATH_SEARCH_PATHS = (
					"$(inherited)",
					"@executable_path/Frameworks",
				);
				MARKETING_VERSION = 1.0;
				PRODUCT_BUNDLE_IDENTIFIER = com.nomadprime.amigosancho;
				PRODUCT_NAME = "$(TARGET_NAME)";
				SWIFT_EMIT_LOC_STRINGS = YES;
				SWIFT_VERSION = 5.0;
				TARGETED_DEVICE_FAMILY = "1,2";
			};
			name = Debug;
		};
		F24C00EB2DEEC74C0058911E /* Release */ = {
			isa = XCBuildConfiguration;
			buildSettings = {
				ASSETCATALOG_COMPILER_APPICON_NAME = AppIcon;
				ASSETCATALOG_COMPILER_GLOBAL_ACCENT_COLOR_NAME = AccentColor;
				CODE_SIGN_STYLE = Automatic;
				CURRENT_PROJECT_VERSION = 1;
				DEVELOPMENT_TEAM = 5WM4449PNL;
				ENABLE_PREVIEWS = YES;
				GENERATE_INFOPLIST_FILE = YES;
				INFOPLIST_KEY_NSMicrophoneUsageDescription = "Sancho needs access to your microphone to listen to your spoken Spanish practice.";
				INFOPLIST_KEY_NSSpeechRecognitionUsageDescription = "Sancho uses speech recognition to convert your spoken Spanish into text and help you improve your pronunciation and fluency.";
				INFOPLIST_KEY_UIApplicationSceneManifest_Generation = YES;
				INFOPLIST_KEY_UIApplicationSupportsIndirectInputEvents = YES;
				INFOPLIST_KEY_UILaunchScreen_Generation = YES;
				INFOPLIST_KEY_UISupportedInterfaceOrientations_iPad = "UIInterfaceOrientationPortrait UIInterfaceOrientationPortraitUpsideDown UIInterfaceOrientationLandscapeLeft UIInterfaceOrientationLandscapeRight";
				INFOPLIST_KEY_UISupportedInterfaceOrientations_iPhone = "UIInterfaceOrientationPortrait UIInterfaceOrientationLandscapeLeft UIInterfaceOrientationLandscapeRight";
				LD_RUNPATH_SEARCH_PATHS = (
					"$(inherited)",
					"@executable_path/Frameworks",
				);
				MARKETING_VERSION = 1.0;
				PRODUCT_BUNDLE_IDENTIFIER = com.nomadprime.amigosancho;
				PRODUCT_NAME = "$(TARGET_NAME)";
				SWIFT_EMIT_LOC_STRINGS = YES;
				SWIFT_VERSION = 5.0;
				TARGETED_DEVICE_FAMILY = "1,2";
			};
			name = Release;
		};
		F24C00ED2DEEC74C0058911E /* Debug */ = {
			isa = XCBuildConfiguration;
			buildSettings = {
				BUNDLE_LOADER = "$(TEST_HOST)";
				CODE_SIGN_STYLE = Automatic;
				CURRENT_PROJECT_VERSION = 1;
				DEVELOPMENT_TEAM = 5WM4449PNL;
				GENERATE_INFOPLIST_FILE = YES;
				IPHONEOS_DEPLOYMENT_TARGET = 18.5;
				MARKETING_VERSION = 1.0;
				PRODUCT_BUNDLE_IDENTIFIER = com.nomadprime.sanchoTests;
				PRODUCT_NAME = "$(TARGET_NAME)";
				SWIFT_EMIT_LOC_STRINGS = NO;
				SWIFT_VERSION = 5.0;
				TARGETED_DEVICE_FAMILY = "1,2";
				TEST_HOST = "$(BUILT_PRODUCTS_DIR)/AmigoSancho.app/$(BUNDLE_EXECUTABLE_FOLDER_PATH)/AmigoSancho";
			};
			name = Debug;
		};
		F24C00EE2DEEC74C0058911E /* Release */ = {
			isa = XCBuildConfiguration;
			buildSettings = {
				BUNDLE_LOADER = "$(TEST_HOST)";
				CODE_SIGN_STYLE = Automatic;
				CURRENT_PROJECT_VERSION = 1;
				DEVELOPMENT_TEAM = 5WM4449PNL;
				GENERATE_INFOPLIST_FILE = YES;
				IPHONEOS_DEPLOYMENT_TARGET = 18.5;
				MARKETING_VERSION = 1.0;
				PRODUCT_BUNDLE_IDENTIFIER = com.nomadprime.sanchoTests;
				PRODUCT_NAME = "$(TARGET_NAME)";
				SWIFT_EMIT_LOC_STRINGS = NO;
				SWIFT_VERSION = 5.0;
				TARGETED_DEVICE_FAMILY = "1,2";
				TEST_HOST = "$(BUILT_PRODUCTS_DIR)/AmigoSancho.app/$(BUNDLE_EXECUTABLE_FOLDER_PATH)/AmigoSancho";
			};
			name = Release;
		};
		F24C00F02DEEC74C0058911E /* Debug */ = {
			isa = XCBuildConfiguration;
			buildSettings = {
				CODE_SIGN_STYLE = Automatic;
				CURRENT_PROJECT_VERSION = 1;
				DEVELOPMENT_TEAM = 5WM4449PNL;
				GENERATE_INFOPLIST_FILE = YES;
				MARKETING_VERSION = 1.0;
				PRODUCT_BUNDLE_IDENTIFIER = com.nomadprime.sanchoUITests;
				PRODUCT_NAME = "$(TARGET_NAME)";
				PROVISIONING_PROFILE = "";
				SWIFT_EMIT_LOC_STRINGS = NO;
				SWIFT_VERSION = 5.0;
				TARGETED_DEVICE_FAMILY = "1,2";
				TEST_TARGET_NAME = AmigoSancho;
			};
			name = Debug;
		};
		F24C00F12DEEC74C0058911E /* Release */ = {
			isa = XCBuildConfiguration;
			buildSettings = {
				CODE_SIGN_STYLE = Automatic;
				CURRENT_PROJECT_VERSION = 1;
				DEVELOPMENT_TEAM = 5WM4449PNL;
				GENERATE_INFOPLIST_FILE = YES;
				MARKETING_VERSION = 1.0;
				PRODUCT_BUNDLE_IDENTIFIER = com.nomadprime.sanchoUITests;
				PRODUCT_NAME = "$(TARGET_NAME)";
				PROVISIONING_PROFILE = "";
				SWIFT_EMIT_LOC_STRINGS = NO;
				SWIFT_VERSION = 5.0;
				TARGETED_DEVICE_FAMILY = "1,2";
				TEST_TARGET_NAME = AmigoSancho;
			};
			name = Release;
		};
/* End XCBuildConfiguration section */

/* Begin XCConfigurationList section */
		F24C00C12DEEC74A0058911E /* Build configuration list for PBXProject "sancho" */ = {
			isa = XCConfigurationList;
			buildConfigurations = (
				F24C00E72DEEC74C0058911E /* Debug */,
				F24C00E82DEEC74C0058911E /* Release */,
			);
			defaultConfigurationIsVisible = 0;
			defaultConfigurationName = Release;
		};
		F24C00E92DEEC74C0058911E /* Build configuration list for PBXNativeTarget "AmigoSancho" */ = {
			isa = XCConfigurationList;
			buildConfigurations = (
				F24C00EA2DEEC74C0058911E /* Debug */,
				F24C00EB2DEEC74C0058911E /* Release */,
			);
			defaultConfigurationIsVisible = 0;
			defaultConfigurationName = Release;
		};
		F24C00EC2DEEC74C0058911E /* Build configuration list for PBXNativeTarget "AmigoSanchoTests" */ = {
			isa = XCConfigurationList;
			buildConfigurations = (
				F24C00ED2DEEC74C0058911E /* Debug */,
				F24C00EE2DEEC74C0058911E /* Release */,
			);
			defaultConfigurationIsVisible = 0;
			defaultConfigurationName = Release;
		};
		F24C00EF2DEEC74C0058911E /* Build configuration list for PBXNativeTarget "AmigoSanchoUITests" */ = {
			isa = XCConfigurationList;
			buildConfigurations = (
				F24C00F02DEEC74C0058911E /* Debug */,
				F24C00F12DEEC74C0058911E /* Release */,
			);
			defaultConfigurationIsVisible = 0;
			defaultConfigurationName = Release;
		};
/* End XCConfigurationList section */
	};
	rootObject = F24C00BE2DEEC74A0058911E /* Project object */;
}
